# THIS IS AN AUTOGENERATED FILE. DO NOT EDIT THIS FILE DIRECTLY.
# yarn lockfile v1


"@emnapi/core@1.10.0":
  version "1.10.0"
  resolved "https://registry.yarnpkg.com/@emnapi/core/-/core-1.10.0.tgz#380ccc8f2412ea22d1d972df7f8ee23a3b9c7467"
  integrity sha512-yq6OkJ4p82CAfPl0u9mQebQHKPJkY7WrIuk205cTYnYe+k2Z8YBh11FrbRG/H6ihirqcacOgl2BIO8oyMQLeXw==
  dependencies:
    "@emnapi/wasi-threads" "1.2.1"
    tslib "^2.4.0"

"@emnapi/runtime@1.10.0":
  version "1.10.0"
  resolved "https://registry.yarnpkg.com/@emnapi/runtime/-/runtime-1.10.0.tgz#4b260c0d3534204e98c6110b8db1a987d26ec87c"
  integrity sha512-ewvYlk86xUoGI0zQRNq/mC+16R1QeDlKQy21Ki3oSYXNgLb45GV1P6A0M+/s6nyCuNDqe5VpaY84BzXGwVbwFA==
  dependencies:
    tslib "^2.4.0"

"@emnapi/wasi-threads@1.2.1":
  version "1.2.1"
  resolved "https://registry.yarnpkg.com/@emnapi/wasi-threads/-/wasi-threads-1.2.1.tgz#28fed21a1ba1ce797c44a070abc94d42f3ae8548"
  integrity sha512-uTII7OYF+/Mes/MrcIOYp5yOtSMLBWSIoLPpcgwipoiKbli6k322tcoFsxoIIxPDqW01SQGAgko4EzZi2BNv2w==
  dependencies:
    tslib "^2.4.0"

"@juggle/resize-observer@^3.4.0":
  version "3.4.0"
  resolved "https://registry.npmjs.org/@juggle/resize-observer/-/resize-observer-3.4.0.tgz"
  integrity sha512-dfLbk+PwWvFzSxwk3n5ySL0hfBog779o8h68wK/7/APo/7cgyWp5jcXockbxdk5kFRkbeXWm4Fbi9FrdN381sA==

"@mapbox/jsonlint-lines-primitives@~2.0.2":
  version "2.0.2"
  resolved "https://registry.npmjs.org/@mapbox/jsonlint-lines-primitives/-/jsonlint-lines-primitives-2.0.2.tgz"
  integrity sha512-rY0o9A5ECsTQRVhv7tL/OyDpGAoUB4tTvLiW1DSzQGq4bvTPhNw1VpSNjDJc5GFZ2XuyOtSWSVN05qOtcD71qQ==

"@mapbox/mapbox-gl-style-spec@^13.23.1":
  version "13.28.0"
  resolved "https://registry.npmjs.org/@mapbox/mapbox-gl-style-spec/-/mapbox-gl-style-spec-13.28.0.tgz"
  integrity sha512-B8xM7Fp1nh5kejfIl4SWeY0gtIeewbuRencqO3cJDrCHZpaPg7uY+V8abuR+esMeuOjRl5cLhVTP40v+1ywxbg==
  dependencies:
    "@mapbox/jsonlint-lines-primitives" "~2.0.2"
    "@mapbox/point-geometry" "^0.1.0"
    "@mapbox/unitbezier" "^0.0.0"
    csscolorparser "~1.0.2"
    json-stringify-pretty-compact "^2.0.0"
    minimist "^1.2.6"
    rw "^1.3.3"
    sort-object "^0.3.2"

"@mapbox/point-geometry@^0.1.0":
  version "0.1.0"
  resolved "https://registry.npmjs.org/@mapbox/point-geometry/-/point-geometry-0.1.0.tgz"
  integrity sha512-6j56HdLTwWGO0fJPlrZtdU/B13q8Uwmo18Ck2GnGgN9PCFyKTZ3UbXeEdRFh18i9XQ92eH2VdtpJHpBD3aripQ==

"@mapbox/unitbezier@^0.0.0":
  version "0.0.0"
  resolved "https://registry.npmjs.org/@mapbox/unitbezier/-/unitbezier-0.0.0.tgz"
  integrity sha512-HPnRdYO0WjFjRTSwO3frz1wKaU649OBFPX3Zo/2WZvuRi6zMiRGui8SnPQiQABgqCf8YikDe5t3HViTVw1WUzA==

"@mdi/font@^7.4.47":
  version "7.4.47"
  resolved "https://registry.yarnpkg.com/@mdi/font/-/font-7.4.47.tgz#2ae522867da3a5c88b738d54b403eb91471903af"
  integrity sha512-43MtGpd585SNzHZPcYowu/84Vz2a2g31TvPMTm9uTiCSWzaheQySUcSyUH/46fPnuPQWof2yd0pGBtzee/IQWw==

"@napi-rs/wasm-runtime@^1.1.4":
  version "1.1.5"
  resolved "https://registry.yarnpkg.com/@napi-rs/wasm-runtime/-/wasm-runtime-1.1.5.tgz#cccd6ebc40b991dea6936f9126b1b8155b6c4c95"
  integrity sha512-AWPoBRJ9tsnVhor4sjO7rkni+7p+2IAEFj6cx06UgP10jkQHqay/36uRV/bFkgrh18D9vb4cr8Q0Pthskgzy+Q==
  dependencies:
    "@tybys/wasm-util" "^0.10.2"

"@oxc-project/types@=0.133.0":
  version "0.133.0"
  resolved "https://registry.yarnpkg.com/@oxc-project/types/-/types-0.133.0.tgz#2e282ef9e1d26e06b68ccd14b73f310a3b2cf7f8"
  integrity sha512-KzkdCd6Uxqnf6l3HOw1xfatAlUURA0g14cvBYFyJ5SaNOQbOUvBr9PKArcPcrNIeRsBdgcUzOGrhKveVpvOIGA==

"@parcel/watcher-android-arm64@2.5.0":
  version "2.5.0"
  resolved "https://registry.yarnpkg.com/@parcel/watcher-android-arm64/-/watcher-android-arm64-2.5.0.tgz#e32d3dda6647791ee930556aee206fcd5ea0fb7a"
  integrity sha512-qlX4eS28bUcQCdribHkg/herLe+0A9RyYC+mm2PXpncit8z5b3nSqGVzMNR3CmtAOgRutiZ02eIJJgP/b1iEFQ==

"@parcel/watcher-darwin-arm64@2.5.0":
  version "2.5.0"
  resolved "https://registry.yarnpkg.com/@parcel/watcher-darwin-arm64/-/watcher-darwin-arm64-2.5.0.tgz#0d9e680b7e9ec1c8f54944f1b945aa8755afb12f"
  integrity sha512-hyZ3TANnzGfLpRA2s/4U1kbw2ZI4qGxaRJbBH2DCSREFfubMswheh8TeiC1sGZ3z2jUf3s37P0BBlrD3sjVTUw==

"@parcel/watcher-darwin-x64@2.5.0":
  version "2.5.0"
  resolved "https://registry.yarnpkg.com/@parcel/watcher-darwin-x64/-/watcher-darwin-x64-2.5.0.tgz#f9f1d5ce9d5878d344f14ef1856b7a830c59d1bb"
  integrity sha512-9rhlwd78saKf18fT869/poydQK8YqlU26TMiNg7AIu7eBp9adqbJZqmdFOsbZ5cnLp5XvRo9wcFmNHgHdWaGYA==

"@parcel/watcher-freebsd-x64@2.5.0":
  version "2.5.0"
  resolved "https://registry.yarnpkg.com/@parcel/watcher-freebsd-x64/-/watcher-freebsd-x64-2.5.0.tgz#2b77f0c82d19e84ff4c21de6da7f7d096b1a7e82"
  integrity sha512-syvfhZzyM8kErg3VF0xpV8dixJ+RzbUaaGaeb7uDuz0D3FK97/mZ5AJQ3XNnDsXX7KkFNtyQyFrXZzQIcN49Tw==

"@parcel/watcher-linux-arm-glibc@2.5.0":
  version "2.5.0"
  resolved "https://registry.yarnpkg.com/@parcel/watcher-linux-arm-glibc/-/watcher-linux-arm-glibc-2.5.0.tgz#92ed322c56dbafa3d2545dcf2803334aee131e42"
  integrity sha512-0VQY1K35DQET3dVYWpOaPFecqOT9dbuCfzjxoQyif1Wc574t3kOSkKevULddcR9znz1TcklCE7Ht6NIxjvTqLA==

"@parcel/watcher-linux-arm-musl@2.5.0":
  version "2.5.0"
  resolved "https://registry.yarnpkg.com/@parcel/watcher-linux-arm-musl/-/watcher-linux-arm-musl-2.5.0.tgz#cd48e9bfde0cdbbd2ecd9accfc52967e22f849a4"
  integrity sha512-6uHywSIzz8+vi2lAzFeltnYbdHsDm3iIB57d4g5oaB9vKwjb6N6dRIgZMujw4nm5r6v9/BQH0noq6DzHrqr2pA==

"@parcel/watcher-linux-arm64-glibc@2.5.0":
  version "2.5.0"
  resolved "https://registry.yarnpkg.com/@parcel/watcher-linux-arm64-glibc/-/watcher-linux-arm64-glibc-2.5.0.tgz#7b81f6d5a442bb89fbabaf6c13573e94a46feb03"
  integrity sha512-BfNjXwZKxBy4WibDb/LDCriWSKLz+jJRL3cM/DllnHH5QUyoiUNEp3GmL80ZqxeumoADfCCP19+qiYiC8gUBjA==

"@parcel/watcher-linux-arm64-musl@2.5.0":
  version "2.5.0"
  resolved "https://registry.yarnpkg.com/@parcel/watcher-linux-arm64-musl/-/watcher-linux-arm64-musl-2.5.0.tgz#dcb8ff01077cdf59a18d9e0a4dff7a0cfe5fd732"
  integrity sha512-S1qARKOphxfiBEkwLUbHjCY9BWPdWnW9j7f7Hb2jPplu8UZ3nes7zpPOW9bkLbHRvWM0WDTsjdOTUgW0xLBN1Q==

"@parcel/watcher-linux-x64-glibc@2.5.0":
  version "2.5.0"
  resolved "https://registry.yarnpkg.com/@parcel/watcher-linux-x64-glibc/-/watcher-linux-x64-glibc-2.5.0.tgz#2e254600fda4e32d83942384d1106e1eed84494d"
  integrity sha512-d9AOkusyXARkFD66S6zlGXyzx5RvY+chTP9Jp0ypSTC9d4lzyRs9ovGf/80VCxjKddcUvnsGwCHWuF2EoPgWjw==

"@parcel/watcher-linux-x64-musl@2.5.0":
  version "2.5.0"
  resolved "https://registry.yarnpkg.com/@parcel/watcher-linux-x64-musl/-/watcher-linux-x64-musl-2.5.0.tgz#01fcea60fedbb3225af808d3f0a7b11229792eef"
  integrity sha512-iqOC+GoTDoFyk/VYSFHwjHhYrk8bljW6zOhPuhi5t9ulqiYq1togGJB5e3PwYVFFfeVgc6pbz3JdQyDoBszVaA==

"@parcel/watcher-win32-arm64@2.5.0":
  version "2.5.0"
  resolved "https://registry.yarnpkg.com/@parcel/watcher-win32-arm64/-/watcher-win32-arm64-2.5.0.tgz#87cdb16e0783e770197e52fb1dc027bb0c847154"
  integrity sha512-twtft1d+JRNkM5YbmexfcH/N4znDtjgysFaV9zvZmmJezQsKpkfLYJ+JFV3uygugK6AtIM2oADPkB2AdhBrNig==

"@parcel/watcher-win32-ia32@2.5.0":
  version "2.5.0"
  resolved "https://registry.yarnpkg.com/@parcel/watcher-win32-ia32/-/watcher-win32-ia32-2.5.0.tgz#778c39b56da33e045ba21c678c31a9f9d7c6b220"
  integrity sha512-+rgpsNRKwo8A53elqbbHXdOMtY/tAtTzManTWShB5Kk54N8Q9mzNWV7tV+IbGueCbcj826MfWGU3mprWtuf1TA==

"@parcel/watcher-win32-x64@2.5.0":
  version "2.5.0"
  resolved "https://registry.yarnpkg.com/@parcel/watcher-win32-x64/-/watcher-win32-x64-2.5.0.tgz#33873876d0bbc588aacce38e90d1d7480ce81cb7"
  integrity sha512-lPrxve92zEHdgeff3aiu4gDOIt4u7sJYha6wbdEZDCDUhtjTsOMiaJzG5lMY4GkWH8p0fMmO2Ppq5G5XXG+DQw==

"@parcel/watcher@^2.4.1":
  version "2.5.0"
  resolved "https://registry.yarnpkg.com/@parcel/watcher/-/watcher-2.5.0.tgz#5c88818b12b8de4307a9d3e6dc3e28eba0dfbd10"
  integrity sha512-i0GV1yJnm2n3Yq1qw6QrUrd/LI9bE8WEBOTtOkpCXHHdyN3TAGgqAK/DAT05z4fq2x04cARXt2pDmjWjL92iTQ==
  dependencies:
    detect-libc "^1.0.3"
    is-glob "^4.0.3"
    micromatch "^4.0.5"
    node-addon-api "^7.0.0"
  optionalDependencies:
    "@parcel/watcher-android-arm64" "2.5.0"
    "@parcel/watcher-darwin-arm64" "2.5.0"
    "@parcel/watcher-darwin-x64" "2.5.0"
    "@parcel/watcher-freebsd-x64" "2.5.0"
    "@parcel/watcher-linux-arm-glibc" "2.5.0"
    "@parcel/watcher-linux-arm-musl" "2.5.0"
    "@parcel/watcher-linux-arm64-glibc" "2.5.0"
    "@parcel/watcher-linux-arm64-musl" "2.5.0"
    "@parcel/watcher-linux-x64-glibc" "2.5.0"
    "@parcel/watcher-linux-x64-musl" "2.5.0"
    "@parcel/watcher-win32-arm64" "2.5.0"
    "@parcel/watcher-win32-ia32" "2.5.0"
    "@parcel/watcher-win32-x64" "2.5.0"

"@petamoriken/float16@^3.4.7":
  version "3.8.0"
  resolved "https://registry.npmjs.org/@petamoriken/float16/-/float16-3.8.0.tgz"
  integrity sha512-AhVAm6SQ+zgxIiOzwVdUcDmKlu/qU39FiYD2UD6kQQaVenrn0dGZewIghWAENGQsvC+1avLCuT+T2/3Gsp/W3w==

"@rolldown/binding-android-arm64@1.0.3":
  version "1.0.3"
  resolved "https://registry.yarnpkg.com/@rolldown/binding-android-arm64/-/binding-android-arm64-1.0.3.tgz#54ce8f8382213f4a314a0c2f7ba83f81ffeae592"
  integrity sha512-454rs7jHngixp/NMxd5srYD57OnzSlZ/eFTETjORQHLwJG1lRtmNOJcBerZlfu4GjKqeq8aCCIQrMdHyhI51Hw==

"@rolldown/binding-darwin-arm64@1.0.3":
  version "1.0.3"
  resolved "https://registry.yarnpkg.com/@rolldown/binding-darwin-arm64/-/binding-darwin-arm64-1.0.3.tgz#388fca1566c14c00c4b446fc3928630e7f0d95fc"
  integrity sha512-PcAhP+ynjURNyy8SKGl5DQP94aGuB/7JrXJb/t7P+hanXvQVMWzUvRRhBAcg/lNRadBhoUPqSoP4xw5tR/KBEA==

"@rolldown/binding-darwin-x64@1.0.3":
  version "1.0.3"
  resolved "https://registry.yarnpkg.com/@rolldown/binding-darwin-x64/-/binding-darwin-x64-1.0.3.tgz#53f57de1f599ecf1db13823cfc88c18fb80954ad"
  integrity sha512-9YpfeUvSE2RS7wysJ81uOZkXJz7f7Q55H2Gvp3VEw/EsahqDtrphrZ0EwDLK5vvKOzaCrBsjF8JmnMLcUt78Gg==

"@rolldown/binding-freebsd-x64@1.0.3":
  version "1.0.3"
  resolved "https://registry.yarnpkg.com/@rolldown/binding-freebsd-x64/-/binding-freebsd-x64-1.0.3.tgz#6f3fdda1b7aeaac9d268a526804b4fb96e4e35f1"
  integrity sha512-yB1IlAsSNHncV6SCTL27/MVGR5htvQsoGxIv5KMGXALp+Ll1wYsn+x98M9MW7qa+NdSbvrrY7ANI4wLJ0n1e6g==

"@rolldown/binding-linux-arm-gnueabihf@1.0.3":
  version "1.0.3"
  resolved "https://registry.yarnpkg.com/@rolldown/binding-linux-arm-gnueabihf/-/binding-linux-arm-gnueabihf-1.0.3.tgz#d87a454bf585cc9676849377e91d6e375297326f"
  integrity sha512-Yi30IVAAfLUCy2MseFjbB1jAMDl1VMCAas5StnYp8da9+CKvMd2H2cbEjWcw5NPaPqzvYkVIaF1nNUG+b7u/sw==

"@rolldown/binding-linux-arm64-gnu@1.0.3":
  version "1.0.3"
  resolved "https://registry.yarnpkg.com/@rolldown/binding-linux-arm64-gnu/-/binding-linux-arm64-gnu-1.0.3.tgz#419fd6bf612cf348f10528cbcd94ebab9607d8d1"
  integrity sha512-jsO7R8To+AdlYgUmN5sHSCZbfhtMBkO0WUx8iORQnPcMMdgr7qM2DQmMwgabs3GhNztdmoKkMKQFHD6DTMCIQw==

"@rolldown/binding-linux-arm64-musl@1.0.3":
  version "1.0.3"
  resolved "https://registry.yarnpkg.com/@rolldown/binding-linux-arm64-musl/-/binding-linux-arm64-musl-1.0.3.tgz#fcc6918696bb76844877e1e4930a18fd0d374069"
  integrity sha512-VWkUHwWriDciit80wleYwKILoR/KMvxh/IdwS/paX+ZgpuRpCrKLUdadJbc0NpBEiyhpYawsJ73j9aCvOH+f7Q==

"@rolldown/binding-linux-ppc64-gnu@1.0.3":
  version "1.0.3"
  resolved "https://registry.yarnpkg.com/@rolldown/binding-linux-ppc64-gnu/-/binding-linux-ppc64-gnu-1.0.3.tgz#32aecb7c8dae5d4f2a8cde57a058ec86991542f8"
  integrity sha512-5f1laC0SlIR0yDbFCd8acUhvJIag6N3zC5P7oUPN6wX0aOma+uKJ0wBDH5aq7I1PVI2ttTlhJwzwRIBnLiSGEg==

"@rolldown/binding-linux-s390x-gnu@1.0.3":
  version "1.0.3"
  resolved "https://registry.yarnpkg.com/@rolldown/binding-linux-s390x-gnu/-/binding-linux-s390x-gnu-1.0.3.tgz#bed9346ea81e6bb8b93cf11f5d88b77db890b763"
  integrity sha512-Iq4ko0r4XsgbrF/LunNgHtAGLRRVE2kXonAXQ/MV0mC6jQpMOhW1SvtZja2EhC/kd05++bP78dsqBeIQyYJ6Yg==

"@rolldown/binding-linux-x64-gnu@1.0.3":
  version "1.0.3"
  resolved "https://registry.yarnpkg.com/@rolldown/binding-linux-x64-gnu/-/binding-linux-x64-gnu-1.0.3.tgz#64c2d26f75dffd9b5a1f97557a00ae77250c8cb7"
  integrity sha512-B8m6tD5+/N5FeNQFbKlLA/2yVq9ycQP1SeedyEYYKWBNR3ZQbkvIUcNnDNM03lO1l5F2roiiFJGgvoLLyZXtSg==

"@rolldown/binding-linux-x64-musl@1.0.3":
  version "1.0.3"
  resolved "https://registry.yarnpkg.com/@rolldown/binding-linux-x64-musl/-/binding-linux-x64-musl-1.0.3.tgz#5a45132e8a47659eeaaf3b540c2954a97c860ff3"
  integrity sha512-pSdpdUJHkuCxun9LE7jvgUB9qsRgaiyNNCX7m/AvHTcq67AiT/Yhoxvw5zPfhrM8k/BfP8ce/hMOpthKDpEUow==

"@rolldown/binding-openharmony-arm64@1.0.3":
  version "1.0.3"
  resolved "https://registry.yarnpkg.com/@rolldown/binding-openharmony-arm64/-/binding-openharmony-arm64-1.0.3.tgz#290513068c55e849dc8457a32afee1d7b0acb309"
  integrity sha512-OXXS3RKJgX2uLwM+gYyuH5omcH8fL1LJs96pZGgtetVCahON57+d4SJHzTgZiOjxgGkSnpXpOsWuPDGAKAigEg==

"@rolldown/binding-wasm32-wasi@1.0.3":
  version "1.0.3"
  resolved "https://registry.yarnpkg.com/@rolldown/binding-wasm32-wasi/-/binding-wasm32-wasi-1.0.3.tgz#3d9972dbf1a953d3c7afaa4a0f20ef2b2e39f31b"
  integrity sha512-JTtb8BWFynicNSoPrehsCzBtOKjZ6jhMiPFEmOiuXg1Fl8dn2KHQob+GuPSGR0dryQa1PQJbzjF3dqO/whhjLg==
  dependencies:
    "@emnapi/core" "1.10.0"
    "@emnapi/runtime" "1.10.0"
    "@napi-rs/wasm-runtime" "^1.1.4"

"@rolldown/binding-win32-arm64-msvc@1.0.3":
  version "1.0.3"
  resolved "https://registry.yarnpkg.com/@rolldown/binding-win32-arm64-msvc/-/binding-win32-arm64-msvc-1.0.3.tgz#a004ab607a16d6f03bcb555728ff888af75773ad"
  integrity sha512-gEdFFEN70A/jxb2svrWsN3aDL7OUtmvlOy+6fa2jxG8K0wQ1ZbdeLGnidov6Yu5/733dI5ySfzFlQ/cb0bSz1g==

"@rolldown/binding-win32-x64-msvc@1.0.3":
  version "1.0.3"
  resolved "https://registry.yarnpkg.com/@rolldown/binding-win32-x64-msvc/-/binding-win32-x64-msvc-1.0.3.tgz#e2a25b34691a1cc8a1209d7de709063026dd0cdb"
  integrity sha512-eXB7CHuaQdqmJcc3koCNtNPmT/bj2gc999kUFgBxG8Ac0NdgXc4rkCHhqrgrhN3zddvvvrgzj1e90SuSfmyIXA==

"@rolldown/pluginutils@^1.0.0":
  version "1.0.1"
  resolved "https://registry.yarnpkg.com/@rolldown/pluginutils/-/pluginutils-1.0.1.tgz#e3fcee093fbb5ce765e1ad088ff4de2889f6f9be"
  integrity sha512-2j9bGt5Jh8hj+vPtgzPtl72j0yRxHAyumoo6TNfAjsLB04UtpSvPbPcDcBMxz7n+9CYB0c1GxQFxYRg2jimqGw==

"@tybys/wasm-util@^0.10.2":
  version "0.10.2"
  resolved "https://registry.yarnpkg.com/@tybys/wasm-util/-/wasm-util-0.10.2.tgz#12b3a1b33db1f9cad4ddff1f604ab7dd00bf464e"
  integrity sha512-RoBvJ2X0wuKlWFIjrwffGw1IqZHKQqzIchKaadZZfnNpsAYp2mM0h36JtPCjNDAHGgYez/15uMBpfGwchhiMgg==
  dependencies:
    tslib "^2.4.0"

"@types/dompurify@^3.2.0":
  version "3.2.0"
  resolved "https://registry.yarnpkg.com/@types/dompurify/-/dompurify-3.2.0.tgz#56610bf3e4250df57744d61fbd95422e07dfb840"
  integrity sha512-Fgg31wv9QbLDA0SpTOXO3MaxySc4DKGLi8sna4/Utjo4r3ZRPdCt4UQee8BWr+Q5z21yifghREPJGYaEOEIACg==
  dependencies:
    dompurify "*"

"@types/fontfaceobserver@^2.1.3":
  version "2.1.3"
  resolved "https://registry.yarnpkg.com/@types/fontfaceobserver/-/fontfaceobserver-2.1.3.tgz#2c735284b71dde89afab441bff05ebad4a636e04"
  integrity sha512-AewfFg9iUfoUZ4EfKxhBaEuzY2TUS+Hm0vXWMPcJRY7C4wC9XtW20lPVYHTcWVZYq1uthCEa5APl7RAX7jr2Xg==

"@types/geojson@^7946.0.15":
  version "7946.0.15"
  resolved "https://registry.yarnpkg.com/@types/geojson/-/geojson-7946.0.15.tgz#f9d55fd5a0aa2de9dc80b1b04e437538b7298868"
  integrity sha512-9oSxFzDCT2Rj6DfcHF8G++jxBKS7mBqXl5xrRW+Kbvjry6Uduya2iiwqHPhVXpasAVMBYKkEPGgKhd3+/HZ6xA==

"@types/google.maps@^3.58.1":
  version "3.58.1"
  resolved "https://registry.yarnpkg.com/@types/google.maps/-/google.maps-3.58.1.tgz#71ce3dec44de1452f56641d2c87c7dd8ea964b4d"
  integrity sha512-X9QTSvGJ0nCfMzYOnaVs/k6/4L+7F5uCS+4iUmkLEls6J9S/Phv+m/i3mDeyc49ZBgwab3EFO1HEoBY7k98EGQ==

"@types/jquery@*":
  version "3.5.16"
  resolved "https://registry.npmjs.org/@types/jquery/-/jquery-3.5.16.tgz"
  integrity sha512-bsI7y4ZgeMkmpG9OM710RRzDFp+w4P1RGiIt30C1mSBT+ExCleeh4HObwgArnDFELmRrOpXgSYN9VF1hj+f1lw==
  dependencies:
    "@types/sizzle" "*"

"@types/jquery@^3.5.3":
  version "3.5.32"
  resolved "https://registry.yarnpkg.com/@types/jquery/-/jquery-3.5.32.tgz#3eb0da20611b92c7c49ebed6163b52a4fdc57def"
  integrity sha512-b9Xbf4CkMqS02YH8zACqN1xzdxc3cO735Qe5AbSUFmyOiaWAbcpqh9Wna+Uk0vgACvoQHpWDg2rGdHkYPLmCiQ==
  dependencies:
    "@types/sizzle" "*"

"@types/jqueryui@^1.12.23":
  version "1.12.23"
  resolved "https://registry.yarnpkg.com/@types/jqueryui/-/jqueryui-1.12.23.tgz#06882d3fd91834f87c40320a0897b2d3fe17de35"
  integrity sha512-pm1yVNVI29B9IGw41anCEzA5eR2r1pYc7flqD471ZT7B0yUXIY7YNe/zq7LGpihIGXNzWyG+Q4YQSzv2AF3fNA==
  dependencies:
    "@types/jquery" "*"

"@types/ol-ext@npm:@siedlerchr/types-ol-ext":
  version "3.4.0"
  resolved "https://registry.yarnpkg.com/@siedlerchr/types-ol-ext/-/types-ol-ext-3.4.0.tgz#e57292b89fc6b00226a751479c41e78d266c283a"
  integrity sha512-LtS9YNitiQ2UZV+RHVOS0Pehlkpcsp6qX9Sa2I33l4ZNqFCRB0T8YefGj0Se4SP8cPr1jc9+q1UU86BjFpg8ww==

"@types/rbush@4.0.0":
  version "4.0.0"
  resolved "https://registry.yarnpkg.com/@types/rbush/-/rbush-4.0.0.tgz#b327bf54952e9c924ea6702c36904c2ce1d47f35"
  integrity sha512-+N+2H39P8X+Hy1I5mC6awlTX54k3FhiUmvt7HWzGJZvF+syUAAxP/stwppS8JE84YHqFgRMv6fCy31202CMFxQ==

"@types/sizzle@*":
  version "2.3.3"
  resolved "https://registry.npmjs.org/@types/sizzle/-/sizzle-2.3.3.tgz"
  integrity sha512-JYM8x9EGF163bEyhdJBpR2QX1R5naCJHC8ucJylJ3w9/CVBaskdQ8WqBf8MmQrd1kRvp/a4TS8HJ+bxzR7ZJYQ==

"@types/trusted-types@^2.0.7":
  version "2.0.7"
  resolved "https://registry.yarnpkg.com/@types/trusted-types/-/trusted-types-2.0.7.tgz#baccb07a970b91707df3a3e8ba6896c57ead2d11"
  integrity sha512-ScaPdn1dQczgbl0QFTeTOmVHFULt394XJgOQNoyVhZ6r2vLnMLJfBPd53SB52T/3G36VI1/g2MZaX0cwDuXsfw==

braces@^3.0.3:
  version "3.0.3"
  resolved "https://registry.yarnpkg.com/braces/-/braces-3.0.3.tgz#490332f40919452272d55a8480adc0c441358789"
  integrity sha512-yQbXgO/OSZVD2IsiLlro+7Hf6Q18EJrKSEsdoMzKePKXct3gvD8oLcOQdIzGupr5Fj+EDe8gO/lxc1BzfMpxvA==
  dependencies:
    fill-range "^7.1.1"

chokidar@^4.0.0:
  version "4.0.1"
  resolved "https://registry.yarnpkg.com/chokidar/-/chokidar-4.0.1.tgz#4a6dff66798fb0f72a94f616abbd7e1a19f31d41"
  integrity sha512-n8enUVCED/KVRQlab1hr3MVpcVMvxtZjmEa956u+4YijlmQED223XMSYj2tLuKvr4jcCTzNNMpQDUer72MMmzA==
  dependencies:
    readdirp "^4.0.1"

color-name@^1.0.0:
  version "1.1.4"
  resolved "https://registry.yarnpkg.com/color-name/-/color-name-1.1.4.tgz#c2a09a87acbde69543de6f63fa3995c826c536a2"
  integrity sha512-dOy+3AuW3a2wNbZHIuMZpTcgjGuLU/uBL/ubcZF9OXbDo8ff4O8yVp5Bf0efS8uEoYo5q4Fx7dY9OgQGXgAsQA==

color-parse@^2.0.0:
  version "2.0.0"
  resolved "https://registry.yarnpkg.com/color-parse/-/color-parse-2.0.0.tgz#6bcf1f0f1fafffe68cacc2dde7a19b3a8c3d7bcd"
  integrity sha512-g2Z+QnWsdHLppAbrpcFWo629kLOnOPtpxYV69GCqm92gqSgyXbzlfyN3MXs0412fPBkFmiuS+rXposgBgBa6Kg==
  dependencies:
    color-name "^1.0.0"

color-rgba@^3.0.0:
  version "3.0.0"
  resolved "https://registry.yarnpkg.com/color-rgba/-/color-rgba-3.0.0.tgz#77090bdcdb2951c1735e20099ddd50401675375b"
  integrity sha512-PPwZYkEY3M2THEHHV6Y95sGUie77S7X8v+h1r6LSAPF3/LL2xJ8duUXSrkic31Nzc4odPwHgUbiX/XuTYzQHQg==
  dependencies:
    color-parse "^2.0.0"
    color-space "^2.0.0"

color-space@^2.0.0, color-space@^2.0.1:
  version "2.0.1"
  resolved "https://registry.yarnpkg.com/color-space/-/color-space-2.0.1.tgz#da39871175baf4a5785ba519397df04b8d67e0fa"
  integrity sha512-nKqUYlo0vZATVOFHY810BSYjmCARrG7e5R3UE3CQlyjJTvv5kSSmPG1kzm/oDyyqjehM+lW1RnEt9It9GNa5JA==

csscolorparser@~1.0.2:
  version "1.0.3"
  resolved "https://registry.npmjs.org/csscolorparser/-/csscolorparser-1.0.3.tgz"
  integrity sha512-umPSgYwZkdFoUrH5hIq5kf0wPSXiro51nPw0j2K/c83KflkPSTBGMz6NJvMB+07VlL0y7VPo6QJcDjcgKTTm3w==

detect-libc@^1.0.3:
  version "1.0.3"
  resolved "https://registry.yarnpkg.com/detect-libc/-/detect-libc-1.0.3.tgz#fa137c4bd698edf55cd5cd02ac559f91a4c4ba9b"
  integrity sha512-pGjwhsmsp4kL2RTz08wcOlGN83otlqHeD/Z5T8GXZB+/YcpQ/dgo+lbU8ZsGxV0HIvqqxo9l7mqYwyYMD9bKDg==

detect-libc@^2.0.3:
  version "2.1.2"
  resolved "https://registry.yarnpkg.com/detect-libc/-/detect-libc-2.1.2.tgz#689c5dcdc1900ef5583a4cb9f6d7b473742074ad"
  integrity sha512-Btj2BOOO83o3WyH59e8MgXsxEQVcarkUOpEYrubB0urwnN10yQ364rsiByU11nZlqWYZm05i/of7io4mzihBtQ==

dompurify@*:
  version "3.2.2"
  resolved "https://registry.yarnpkg.com/dompurify/-/dompurify-3.2.2.tgz#6c0518745e81686c74a684f5af1e5613e7cc0246"
  integrity sha512-YMM+erhdZ2nkZ4fTNRTSI94mb7VG7uVF5vj5Zde7tImgnhZE3R6YW/IACGIHb2ux+QkEXMhe591N+5jWOmL4Zw==
  optionalDependencies:
    "@types/trusted-types" "^2.0.7"

dompurify@^3.2.3:
  version "3.2.3"
  resolved "https://registry.yarnpkg.com/dompurify/-/dompurify-3.2.3.tgz#05dd2175225324daabfca6603055a09b2382a4cd"
  integrity sha512-U1U5Hzc2MO0oW3DF+G9qYN0aT7atAou4AgI0XjWz061nyBPbdxkfdhfy5uMgGn6+oLFCfn44ZGbdDqCzVmlOWA==
  optionalDependencies:
    "@types/trusted-types" "^2.0.7"

earcut@^3.0.0:
  version "3.0.0"
  resolved "https://registry.yarnpkg.com/earcut/-/earcut-3.0.0.tgz#a8d5bf891224eaea8287201b5e787c6c0318af89"
  integrity sha512-41Fs7Q/PLq1SDbqjsgcY7GA42T0jvaCNGXgGtsNdvg+Yv8eIu06bxv4/PoREkZ9nMDNwnUSG9OFB9+yv8eKhDg==

fdir@^6.5.0:
  version "6.5.0"
  resolved "https://registry.yarnpkg.com/fdir/-/fdir-6.5.0.tgz#ed2ab967a331ade62f18d077dae192684d50d350"
  integrity sha512-tIbYtZbucOs0BRGqPJkshJUYdL+SDH7dVM8gjy+ERp3WAUjLEFJE+02kanyHtwjWOnwrKYBiwAmM0p4kLJAnXg==

fill-range@^7.1.1:
  version "7.1.1"
  resolved "https://registry.yarnpkg.com/fill-range/-/fill-range-7.1.1.tgz#44265d3cac07e3ea7dc247516380643754a05292"
  integrity sha512-YsGpe3WHLK8ZYi4tWDg2Jy3ebRz2rXowDxnld4bkQB00cc/1Zw9AWnC0i9ztDJitivtQvaI9KaLyKrc+hBW0yg==
  dependencies:
    to-regex-range "^5.0.1"

fontfaceobserver@^2.3.0:
  version "2.3.0"
  resolved "https://registry.npmjs.org/fontfaceobserver/-/fontfaceobserver-2.3.0.tgz"
  integrity sha512-6FPvD/IVyT4ZlNe7Wcn5Fb/4ChigpucKYSvD6a+0iMoLn2inpo711eyIcKjmDtE5XNcgAkSH9uN/nfAeZzHEfg==

fsevents@~2.3.3:
  version "2.3.3"
  resolved "https://registry.yarnpkg.com/fsevents/-/fsevents-2.3.3.tgz#cac6407785d03675a2a5e1a5305c697b347d90d6"
  integrity sha512-5xoDfX+fL7faATnagmWPpbFtwh/R77WmMMqqHGS65C3vvB0YHrgF+B1YmZ3441tMj5n63k0212XNoJwzlhffQw==

geojson@^0.5.0:
  version "0.5.0"
  resolved "https://registry.npmjs.org/geojson/-/geojson-0.5.0.tgz"
  integrity sha512-/Bx5lEn+qRF4TfQ5aLu6NH+UKtvIv7Lhc487y/c8BdludrCTpiWf9wyI0RTyqg49MFefIAvFDuEi5Dfd/zgNxQ==

geotiff@^2.1.3:
  version "2.1.3"
  resolved "https://registry.yarnpkg.com/geotiff/-/geotiff-2.1.3.tgz#993f40f2aa6aa65fb1e0451d86dd22ca8e66910c"
  integrity sha512-PT6uoF5a1+kbC3tHmZSUsLHBp2QJlHasxxxxPW47QIY1VBKpFB+FcDvX+MxER6UzgLQZ0xDzJ9s48B9JbOCTqA==
  dependencies:
    "@petamoriken/float16" "^3.4.7"
    lerc "^3.0.0"
    pako "^2.0.4"
    parse-headers "^2.0.2"
    quick-lru "^6.1.1"
    web-worker "^1.2.0"
    xml-utils "^1.0.2"
    zstddec "^0.1.0"

immutable@^5.0.2:
  version "5.0.2"
  resolved "https://registry.yarnpkg.com/immutable/-/immutable-5.0.2.tgz#bb8a987349a73efbe6b3b292a9cbaf1b530d296b"
  integrity sha512-1NU7hWZDkV7hJ4PJ9dur9gTNQ4ePNPN4k9/0YhwjzykTi/+3Q5pF93YU5QoVj8BuOnhLgaY8gs0U2pj4kSYVcw==

is-extglob@^2.1.1:
  version "2.1.1"
  resolved "https://registry.yarnpkg.com/is-extglob/-/is-extglob-2.1.1.tgz#a88c02535791f02ed37c76a1b9ea9773c833f8c2"
  integrity sha512-SbKbANkN603Vi4jEZv49LeVJMn4yGwsbzZworEoyEiutsN3nJYdbO36zfhGJ6QEDpOZIFkDtnq5JRxmvl3jsoQ==

is-glob@^4.0.3:
  version "4.0.3"
  resolved "https://registry.yarnpkg.com/is-glob/-/is-glob-4.0.3.tgz#64f61e42cbbb2eec2071a9dac0b28ba1e65d5084"
  integrity sha512-xelSayHH36ZgE7ZWhli7pW34hNbNl8Ojv5KVmkJD4hBdD3th8Tfk9vYasLM+mXWOZhFkgZfxhLSnrwRr4elSSg==
  dependencies:
    is-extglob "^2.1.1"

is-number@^7.0.0:
  version "7.0.0"
  resolved "https://registry.npmjs.org/is-number/-/is-number-7.0.0.tgz"
  integrity sha512-41Cifkg6e8TylSpdtTpeLVMqvSBEVzTttHvERD741+pnZ8ANv0004MRL43QKPDlK9cGvNp6NZWZUBlbGXYxxng==

json-stringify-pretty-compact@^2.0.0:
  version "2.0.0"
  resolved "https://registry.npmjs.org/json-stringify-pretty-compact/-/json-stringify-pretty-compact-2.0.0.tgz"
  integrity sha512-WRitRfs6BGq4q8gTgOy4ek7iPFXjbra0H3PmDLKm2xnZ+Gh1HUhiKGgCZkSPNULlP7mvfu6FV/mOLhCarspADQ==

lerc@^3.0.0:
  version "3.0.0"
  resolved "https://registry.npmjs.org/lerc/-/lerc-3.0.0.tgz"
  integrity sha512-Rm4J/WaHhRa93nCN2mwWDZFoRVF18G1f47C+kvQWyHGEZxFpTUi73p7lMVSAndyxGt6lJ2/CFbOcf9ra5p8aww==

lightningcss-android-arm64@1.32.0:
  version "1.32.0"
  resolved "https://registry.yarnpkg.com/lightningcss-android-arm64/-/lightningcss-android-arm64-1.32.0.tgz#f033885116dfefd9c6f54787523e3514b61e1968"
  integrity sha512-YK7/ClTt4kAK0vo6w3X+Pnm0D2cf2vPHbhOXdoNti1Ga0al1P4TBZhwjATvjNwLEBCnKvjJc2jQgHXH0NEwlAg==

lightningcss-darwin-arm64@1.32.0:
  version "1.32.0"
  resolved "https://registry.yarnpkg.com/lightningcss-darwin-arm64/-/lightningcss-darwin-arm64-1.32.0.tgz#50b71871b01c8199584b649e292547faea7af9b5"
  integrity sha512-RzeG9Ju5bag2Bv1/lwlVJvBE3q6TtXskdZLLCyfg5pt+HLz9BqlICO7LZM7VHNTTn/5PRhHFBSjk5lc4cmscPQ==

lightningcss-darwin-x64@1.32.0:
  version "1.32.0"
  resolved "https://registry.yarnpkg.com/lightningcss-darwin-x64/-/lightningcss-darwin-x64-1.32.0.tgz#35f3e97332d130b9ca181e11b568ded6aebc6d5e"
  integrity sha512-U+QsBp2m/s2wqpUYT/6wnlagdZbtZdndSmut/NJqlCcMLTWp5muCrID+K5UJ6jqD2BFshejCYXniPDbNh73V8w==

lightningcss-freebsd-x64@1.32.0:
  version "1.32.0"
  resolved "https://registry.yarnpkg.com/lightningcss-freebsd-x64/-/lightningcss-freebsd-x64-1.32.0.tgz#9777a76472b64ed6ff94342ad64c7bafd794a575"
  integrity sha512-JCTigedEksZk3tHTTthnMdVfGf61Fky8Ji2E4YjUTEQX14xiy/lTzXnu1vwiZe3bYe0q+SpsSH/CTeDXK6WHig==

lightningcss-linux-arm-gnueabihf@1.32.0:
  version "1.32.0"
  resolved "https://registry.yarnpkg.com/lightningcss-linux-arm-gnueabihf/-/lightningcss-linux-arm-gnueabihf-1.32.0.tgz#13ae652e1ab73b9135d7b7da172f666c410ad53d"
  integrity sha512-x6rnnpRa2GL0zQOkt6rts3YDPzduLpWvwAF6EMhXFVZXD4tPrBkEFqzGowzCsIWsPjqSK+tyNEODUBXeeVHSkw==

lightningcss-linux-arm64-gnu@1.32.0:
  version "1.32.0"
  resolved "https://registry.yarnpkg.com/lightningcss-linux-arm64-gnu/-/lightningcss-linux-arm64-gnu-1.32.0.tgz#417858795a94592f680123a1b1f9da8a0e1ef335"
  integrity sha512-0nnMyoyOLRJXfbMOilaSRcLH3Jw5z9HDNGfT/gwCPgaDjnx0i8w7vBzFLFR1f6CMLKF8gVbebmkUN3fa/kQJpQ==

lightningcss-linux-arm64-musl@1.32.0:
  version "1.32.0"
  resolved "https://registry.yarnpkg.com/lightningcss-linux-arm64-musl/-/lightningcss-linux-arm64-musl-1.32.0.tgz#6be36692e810b718040802fd809623cffe732133"
  integrity sha512-UpQkoenr4UJEzgVIYpI80lDFvRmPVg6oqboNHfoH4CQIfNA+HOrZ7Mo7KZP02dC6LjghPQJeBsvXhJod/wnIBg==

lightningcss-linux-x64-gnu@1.32.0:
  version "1.32.0"
  resolved "https://registry.yarnpkg.com/lightningcss-linux-x64-gnu/-/lightningcss-linux-x64-gnu-1.32.0.tgz#0b7803af4eb21cfd38dd39fe2abbb53c7dd091f6"
  integrity sha512-V7Qr52IhZmdKPVr+Vtw8o+WLsQJYCTd8loIfpDaMRWGUZfBOYEJeyJIkqGIDMZPwPx24pUMfwSxxI8phr/MbOA==

lightningcss-linux-x64-musl@1.32.0:
  version "1.32.0"
  resolved "https://registry.yarnpkg.com/lightningcss-linux-x64-musl/-/lightningcss-linux-x64-musl-1.32.0.tgz#88dc8ba865ddddb1ac5ef04b0f161804418c163b"
  integrity sha512-bYcLp+Vb0awsiXg/80uCRezCYHNg1/l3mt0gzHnWV9XP1W5sKa5/TCdGWaR/zBM2PeF/HbsQv/j2URNOiVuxWg==

lightningcss-win32-arm64-msvc@1.32.0:
  version "1.32.0"
  resolved "https://registry.yarnpkg.com/lightningcss-win32-arm64-msvc/-/lightningcss-win32-arm64-msvc-1.32.0.tgz#4f30ba3fa5e925f5b79f945e8cc0d176c3b1ab38"
  integrity sha512-8SbC8BR40pS6baCM8sbtYDSwEVQd4JlFTOlaD3gWGHfThTcABnNDBda6eTZeqbofalIJhFx0qKzgHJmcPTnGdw==

lightningcss-win32-x64-msvc@1.32.0:
  version "1.32.0"
  resolved "https://registry.yarnpkg.com/lightningcss-win32-x64-msvc/-/lightningcss-win32-x64-msvc-1.32.0.tgz#141aa5605645064928902bb4af045fa7d9f4220a"
  integrity sha512-Amq9B/SoZYdDi1kFrojnoqPLxYhQ4Wo5XiL8EVJrVsB8ARoC1PWW6VGtT0WKCemjy8aC+louJnjS7U18x3b06Q==

lightningcss@^1.32.0:
  version "1.32.0"
  resolved "https://registry.yarnpkg.com/lightningcss/-/lightningcss-1.32.0.tgz#b85aae96486dcb1bf49a7c8571221273f4f1e4a9"
  integrity sha512-NXYBzinNrblfraPGyrbPoD19C1h9lfI/1mzgWYvXUTe414Gz/X1FD2XBZSZM7rRTrMA8JL3OtAaGifrIKhQ5yQ==
  dependencies:
    detect-libc "^2.0.3"
  optionalDependencies:
    lightningcss-android-arm64 "1.32.0"
    lightningcss-darwin-arm64 "1.32.0"
    lightningcss-darwin-x64 "1.32.0"
    lightningcss-freebsd-x64 "1.32.0"
    lightningcss-linux-arm-gnueabihf "1.32.0"
    lightningcss-linux-arm64-gnu "1.32.0"
    lightningcss-linux-arm64-musl "1.32.0"
    lightningcss-linux-x64-gnu "1.32.0"
    lightningcss-linux-x64-musl "1.32.0"
    lightningcss-win32-arm64-msvc "1.32.0"
    lightningcss-win32-x64-msvc "1.32.0"

mapbox-to-css-font@^2.4.1:
  version "2.4.2"
  resolved "https://registry.npmjs.org/mapbox-to-css-font/-/mapbox-to-css-font-2.4.2.tgz"
  integrity sha512-f+NBjJJY4T3dHtlEz1wCG7YFlkODEjFIYlxDdLIDMNpkSksqTt+l/d4rjuwItxuzkuMFvPyrjzV2lxRM4ePcIA==

micromatch@^4.0.5:
  version "4.0.8"
  resolved "https://registry.yarnpkg.com/micromatch/-/micromatch-4.0.8.tgz#d66fa18f3a47076789320b9b1af32bd86d9fa202"
  integrity sha512-PXwfBhYu0hBCPw8Dn0E+WDYb7af3dSLVWKi3HGv84IdF4TyFoC0ysxFd0Goxw7nSv4T/PzEJQxsYsEiFCKo2BA==
  dependencies:
    braces "^3.0.3"
    picomatch "^2.3.1"

minimist@^1.2.6:
  version "1.2.8"
  resolved "https://registry.npmjs.org/minimist/-/minimist-1.2.8.tgz"
  integrity sha512-2yyAR8qBkN3YuheJanUpWC5U3bb5osDywNB8RzDVlDwDHbocAJveqqj1u8+SVD7jkWT4yvsHCpWqqWqAxb0zCA==

nanoid@^3.3.12:
  version "3.3.12"
  resolved "https://registry.yarnpkg.com/nanoid/-/nanoid-3.3.12.tgz#ab3d912e217a6d0a514f00a72a16543a28982c05"
  integrity sha512-ZB9RH/39qpq5Vu6Y+NmUaFhQR6pp+M2Xt76XBnEwDaGcVAqhlvxrl3B2bKS5D3NH3QR76v3aSrKaF/Kiy7lEtQ==

node-addon-api@^7.0.0:
  version "7.1.1"
  resolved "https://registry.yarnpkg.com/node-addon-api/-/node-addon-api-7.1.1.tgz#1aba6693b0f255258a049d621329329322aad558"
  integrity sha512-5m3bsyrjFWE1xf7nz7YXdN4udnVtXK6/Yfgn5qnahL6bCkf2yKt4k3nuTKAtT4r3IG8JNR2ncsIMdZuAzJjHQQ==

ol-ext@^4.0.24:
  version "4.0.24"
  resolved "https://registry.yarnpkg.com/ol-ext/-/ol-ext-4.0.24.tgz#86f3bb662fc9932ee16481604b2cbce87d96d28f"
  integrity sha512-VEf1+mjvbe35mMsszVsugqcvWfeGcU8TwS+GgXm3nGYqiHR7CckX2DWmM9B94QCDnrJWKKXBicfInbkoe2xT7w==

ol-mapbox-style@^12.4.0:
  version "12.4.0"
  resolved "https://registry.yarnpkg.com/ol-mapbox-style/-/ol-mapbox-style-12.4.0.tgz#775deb25994ae6fe36cb0748582712c9d61a698e"
  integrity sha512-P8Jg9AXSG6FpUNrADejpwMG0HbmHTZOJQQocACzaDL0QrU4kzmCvj06xUIKhTxT5mtC413pCVAbyXJ4mx0XFnQ==
  dependencies:
    "@mapbox/mapbox-gl-style-spec" "^13.23.1"
    mapbox-to-css-font "^2.4.1"

ol@^10.3.1:
  version "10.3.1"
  resolved "https://registry.yarnpkg.com/ol/-/ol-10.3.1.tgz#b11bc0c8c969276c4070e7aa43c95b86e5f25ef3"
  integrity sha512-D1nRQVLOBCRempVqBFV8pSI5H13BtnhuLDjGl+3NKdMOFyjx/UqRX/tcMspEw3LhFOSPWn1Ev+1KIRV8AlHM7A==
  dependencies:
    "@types/rbush" "4.0.0"
    color-rgba "^3.0.0"
    color-space "^2.0.1"
    earcut "^3.0.0"
    geotiff "^2.1.3"
    pbf "4.0.1"
    rbush "^4.0.0"

pako@^2.0.4:
  version "2.1.0"
  resolved "https://registry.npmjs.org/pako/-/pako-2.1.0.tgz"
  integrity sha512-w+eufiZ1WuJYgPXbV/PO3NCMEc3xqylkKHzp8bxp1uW4qaSNQUkwmLLEc3kKsfz8lpV1F8Ht3U1Cm+9Srog2ug==

parse-headers@^2.0.2:
  version "2.0.5"
  resolved "https://registry.npmjs.org/parse-headers/-/parse-headers-2.0.5.tgz"
  integrity sha512-ft3iAoLOB/MlwbNXgzy43SWGP6sQki2jQvAyBg/zDFAgr9bfNWZIUj42Kw2eJIl8kEi4PbgE6U1Zau/HwI75HA==

pbf@4.0.1:
  version "4.0.1"
  resolved "https://registry.yarnpkg.com/pbf/-/pbf-4.0.1.tgz#ad9015e022b235dcdbe05fc468a9acadf483f0d4"
  integrity sha512-SuLdBvS42z33m8ejRbInMapQe8n0D3vN/Xd5fmWM3tufNgRQFBpaW2YVJxQZV4iPNqb0vEFvssMEo5w9c6BTIA==
  dependencies:
    resolve-protobuf-schema "^2.1.0"

picocolors@^1.1.1:
  version "1.1.1"
  resolved "https://registry.yarnpkg.com/picocolors/-/picocolors-1.1.1.tgz#3d321af3eab939b083c8f929a1d12cda81c26b6b"
  integrity sha512-xceH2snhtb5M9liqDsmEw56le376mTZkEX/jEb/RxNFyegNul7eNslCXP9FDj/Lcu0X8KEyMceP2ntpaHrDEVA==

picomatch@^2.3.1:
  version "2.3.1"
  resolved "https://registry.npmjs.org/picomatch/-/picomatch-2.3.1.tgz"
  integrity sha512-JU3teHTNjmE2VCGFzuY8EXzCDVwEqB2a8fsIvwaStHhAWJEeVd1o1QD80CU6+ZdEXXSLbSsuLwJjkCBWqRQUVA==

picomatch@^4.0.4:
  version "4.0.4"
  resolved "https://registry.yarnpkg.com/picomatch/-/picomatch-4.0.4.tgz#fd6f5e00a143086e074dffe4c924b8fb293b0589"
  integrity sha512-QP88BAKvMam/3NxH6vj2o21R6MjxZUAd6nlwAS/pnGvN9IVLocLHxGYIzFhg6fUQ+5th6P4dv4eW9jX3DSIj7A==

postcss@^8.5.15:
  version "8.5.15"
  resolved "https://registry.yarnpkg.com/postcss/-/postcss-8.5.15.tgz#d1eaf677a324e9ec02196da2d3fecf4a0b9a735c"
  integrity sha512-FfR8sjd4em2T6fb3I2MwAJU7HWVMr9zba+enmQeeWFfCbm+UOC/0X4DS8XtpUTMwWMGbjKYP7xjfNekzyGmB3A==
  dependencies:
    nanoid "^3.3.12"
    picocolors "^1.1.1"
    source-map-js "^1.2.1"

protocol-buffers-schema@^3.3.1:
  version "3.6.0"
  resolved "https://registry.npmjs.org/protocol-buffers-schema/-/protocol-buffers-schema-3.6.0.tgz"
  integrity sha512-TdDRD+/QNdrCGCE7v8340QyuXd4kIWIgapsE2+n/SaGiSSbomYl4TjHlvIoCWRpE7wFt02EpB35VVA2ImcBVqw==

quick-lru@^6.1.1:
  version "6.1.1"
  resolved "https://registry.npmjs.org/quick-lru/-/quick-lru-6.1.1.tgz"
  integrity sha512-S27GBT+F0NTRiehtbrgaSE1idUAJ5bX8dPAQTdylEyNlrdcH5X4Lz7Edz3DYzecbsCluD5zO8ZNEe04z3D3u6Q==

quickselect@^2.0.0:
  version "2.0.0"
  resolved "https://registry.npmjs.org/quickselect/-/quickselect-2.0.0.tgz"
  integrity sha512-RKJ22hX8mHe3Y6wH/N3wCM6BWtjaxIyyUIkpHOvfFnxdI4yD4tBXEBKSbriGujF6jnSVkJrffuo6vxACiSSxIw==

rbush@^4.0.0:
  version "4.0.0"
  resolved "https://registry.yarnpkg.com/rbush/-/rbush-4.0.0.tgz#0536f105aa9d6dc8c0f2be6363a09d474b41cad6"
  integrity sha512-F5xw+166FYDZI6jEcz+sWEHL5/J+du3kQWkwqWrPKb6iVoLPZh+2KhTS4OoYqrw1v/RO1xQe6WsLwBvrUAlvXw==
  dependencies:
    quickselect "^2.0.0"

readdirp@^4.0.1:
  version "4.0.2"
  resolved "https://registry.yarnpkg.com/readdirp/-/readdirp-4.0.2.tgz#388fccb8b75665da3abffe2d8f8ed59fe74c230a"
  integrity sha512-yDMz9g+VaZkqBYS/ozoBJwaBhTbZo3UNYQHNRw1D3UFQB8oHB4uS/tAODO+ZLjGWmUbKnIlOWO+aaIiAxrUWHA==

resolve-protobuf-schema@^2.1.0:
  version "2.1.0"
  resolved "https://registry.npmjs.org/resolve-protobuf-schema/-/resolve-protobuf-schema-2.1.0.tgz"
  integrity sha512-kI5ffTiZWmJaS/huM8wZfEMer1eRd7oJQhDuxeCLe3t7N7mX3z94CN0xPxBQxFYQTSNz9T0i+v6inKqSdK8xrQ==
  dependencies:
    protocol-buffers-schema "^3.3.1"

rolldown@1.0.3:
  version "1.0.3"
  resolved "https://registry.yarnpkg.com/rolldown/-/rolldown-1.0.3.tgz#db88a3008fb0e28230a00423727ce75ba32121ac"
  integrity sha512-i00lAJ2ks1BYr7rjNjKC7BcqAS7nVfiT3QX1SI5aY+AFHblCmaUf9OE9dbdzDvW6dJxbi2ZCZiy9v3CcwOiX3g==
  dependencies:
    "@oxc-project/types" "=0.133.0"
    "@rolldown/pluginutils" "^1.0.0"
  optionalDependencies:
    "@rolldown/binding-android-arm64" "1.0.3"
    "@rolldown/binding-darwin-arm64" "1.0.3"
    "@rolldown/binding-darwin-x64" "1.0.3"
    "@rolldown/binding-freebsd-x64" "1.0.3"
    "@rolldown/binding-linux-arm-gnueabihf" "1.0.3"
    "@rolldown/binding-linux-arm64-gnu" "1.0.3"
    "@rolldown/binding-linux-arm64-musl" "1.0.3"
    "@rolldown/binding-linux-ppc64-gnu" "1.0.3"
    "@rolldown/binding-linux-s390x-gnu" "1.0.3"
    "@rolldown/binding-linux-x64-gnu" "1.0.3"
    "@rolldown/binding-linux-x64-musl" "1.0.3"
    "@rolldown/binding-openharmony-arm64" "1.0.3"
    "@rolldown/binding-wasm32-wasi" "1.0.3"
    "@rolldown/binding-win32-arm64-msvc" "1.0.3"
    "@rolldown/binding-win32-x64-msvc" "1.0.3"

rw@^1.3.3:
  version "1.3.3"
  resolved "https://registry.npmjs.org/rw/-/rw-1.3.3.tgz"
  integrity sha512-PdhdWy89SiZogBLaw42zdeqtRJ//zFd2PgQavcICDUgJT5oW10QCRKbJ6bg4r0/UY2M6BWd5tkxuGFRvCkgfHQ==

sass@^1.83.0:
  version "1.83.0"
  resolved "https://registry.yarnpkg.com/sass/-/sass-1.83.0.tgz#e36842c0b88a94ed336fd16249b878a0541d536f"
  integrity sha512-qsSxlayzoOjdvXMVLkzF84DJFc2HZEL/rFyGIKbbilYtAvlCxyuzUeff9LawTn4btVnLKg75Z8MMr1lxU1lfGw==
  dependencies:
    chokidar "^4.0.0"
    immutable "^5.0.2"
    source-map-js ">=0.6.2 <2.0.0"
  optionalDependencies:
    "@parcel/watcher" "^2.4.1"

sort-asc@^0.1.0:
  version "0.1.0"
  resolved "https://registry.npmjs.org/sort-asc/-/sort-asc-0.1.0.tgz"
  integrity sha512-jBgdDd+rQ+HkZF2/OHCmace5dvpos/aWQpcxuyRs9QUbPRnkEJmYVo81PIGpjIdpOcsnJ4rGjStfDHsbn+UVyw==

sort-desc@^0.1.1:
  version "0.1.1"
  resolved "https://registry.npmjs.org/sort-desc/-/sort-desc-0.1.1.tgz"
  integrity sha512-jfZacW5SKOP97BF5rX5kQfJmRVZP5/adDUTY8fCSPvNcXDVpUEe2pr/iKGlcyZzchRJZrswnp68fgk3qBXgkJw==

sort-object@^0.3.2:
  version "0.3.2"
  resolved "https://registry.npmjs.org/sort-object/-/sort-object-0.3.2.tgz"
  integrity sha512-aAQiEdqFTTdsvUFxXm3umdo04J7MRljoVGbBlkH7BgNsMvVNAJyGj7C/wV1A8wHWAJj/YikeZbfuCKqhggNWGA==
  dependencies:
    sort-asc "^0.1.0"
    sort-desc "^0.1.1"

"source-map-js@>=0.6.2 <2.0.0":
  version "1.0.2"
  resolved "https://registry.npmjs.org/source-map-js/-/source-map-js-1.0.2.tgz"
  integrity sha512-R0XvVJ9WusLiqTCEiGCmICCMplcCkIwwR11mOSD9CR5u+IXYdiseeEuXCVAjS54zqwkLcPNnmU4OeJ6tUrWhDw==

source-map-js@^1.2.1:
  version "1.2.1"
  resolved "https://registry.yarnpkg.com/source-map-js/-/source-map-js-1.2.1.tgz#1ce5650fddd87abc099eda37dcff024c2667ae46"
  integrity sha512-UXWMKhLOwVKb728IUtQPXxfYU+usdybtUrK/8uGE8CQMvrhOpwvzDBwj0QhSL7MQc7vIsISBG8VQ8+IDQxpfQA==

tinyglobby@^0.2.17:
  version "0.2.17"
  resolved "https://registry.yarnpkg.com/tinyglobby/-/tinyglobby-0.2.17.tgz#562a9a6c9eb2b3b123d39719f9af5bb44fcd7631"
  integrity sha512-wXR/dYpcqKmfWpEdZjiKJOwCNFndD0DMnrW/cYjVGttEkBfVgcLFHoNrlj47mjOVic9yyNu65alsgF4NQyTa2g==
  dependencies:
    fdir "^6.5.0"
    picomatch "^4.0.4"

to-regex-range@^5.0.1:
  version "5.0.1"
  resolved "https://registry.npmjs.org/to-regex-range/-/to-regex-range-5.0.1.tgz"
  integrity sha512-65P7iz6X5yEr1cwcgvQxbbIw7Uk3gOy5dIdtZ4rDveLqhrdJP+Li/Hx6tyK0NEb+2GCyneCMJiGqrADCSNk8sQ==
  dependencies:
    is-number "^7.0.0"

tslib@^2.4.0:
  version "2.8.1"
  resolved "https://registry.yarnpkg.com/tslib/-/tslib-2.8.1.tgz#612efe4ed235d567e8aba5f2a5fab70280ade83f"
  integrity sha512-oJFu94HQb+KVduSUQL7wnpmqnfmLsOA/nAh6b6EH0wCEoK0/mPeXU6c3wKDV83MkOuHPRHtSXKKU99IBazS/2w==

typescript@^5.7.2:
  version "5.7.2"
  resolved "https://registry.yarnpkg.com/typescript/-/typescript-5.7.2.tgz#3169cf8c4c8a828cde53ba9ecb3d2b1d5dd67be6"
  integrity sha512-i5t66RHxDvVN40HfDd1PsEThGNnlMCMT3jMUuoh9/0TaqWevNontacunWyN02LA9/fIbEWlcHZcgTKb9QoaLfg==

vite@^8.0.16:
  version "8.0.16"
  resolved "https://registry.yarnpkg.com/vite/-/vite-8.0.16.tgz#ae073866c06563d6634a90169a496e11bd84f1a6"
  integrity sha512-h9bXPmJichP5fLmVQo3PyaGSDE2n3aPuomeAlVRm0JLmt4rY6zmPKd59HYI4LNW8oTK7tlTsuC7l/m7awx9Jcw==
  dependencies:
    lightningcss "^1.32.0"
    picomatch "^4.0.4"
    postcss "^8.5.15"
    rolldown "1.0.3"
    tinyglobby "^0.2.17"
  optionalDependencies:
    fsevents "~2.3.3"

web-worker@^1.2.0:
  version "1.2.0"
  resolved "https://registry.npmjs.org/web-worker/-/web-worker-1.2.0.tgz"
  integrity sha512-PgF341avzqyx60neE9DD+XS26MMNMoUQRz9NOZwW32nPQrF6p77f1htcnjBSEV8BGMKZ16choqUG4hyI0Hx7mA==

xml-utils@^1.0.2:
  version "1.7.0"
  resolved "https://registry.npmjs.org/xml-utils/-/xml-utils-1.7.0.tgz"
  integrity sha512-bWB489+RQQclC7A9OW8e5BzbT8Tu//jtAOvkYwewFr+Q9T9KDGvfzC1lp0pYPEQPEoPQLDkmxkepSC/2gIAZGw==

zstddec@^0.1.0:
  version "0.1.0"
  resolved "https://registry.yarnpkg.com/zstddec/-/zstddec-0.1.0.tgz#7050f3f0e0c3978562d0c566b3e5a427d2bad7ec"
  integrity sha512-w2NTI8+3l3eeltKAdK8QpiLo/flRAr2p8AGeakfMZOXBxOg9HIu4LVDxBi81sYgVhFhdJjv1OrB5ssI8uFPoLg==
